<?xml version="1.0" encoding="utf-8"?>
<Project ToolsVersion="4.0" xmlns="http://schemas.microsoft.com/developer/msbuild/2003">
  <ItemGroup>
    <ClInclude Include="$(MSBuildThisFileDirectory)VariableArguments.h" />
    <ClInclude Include="$(MSBuildThisFileDirectory)CharHelper.h" />
    <ClInclude Include="$(MSBuildThisFileDirectory)StringHelper.h" />
    <ClInclude Include="$(MSBuildThisFileDirectory)UnknownClass.h" />
    <ClInclude Include="$(MSBuildThisFileDirectory)PathHelper.h" />
    <ClInclude Include="$(MSBuildThisFileDirectory)FlagHelper.h" />
    <ClInclude Include="$(MSBuildThisFileDirectory)Platform.h" />
    <ClInclude Include="$(MSBuildThisFileDirectory)MemoryHelper.h" />
    <ClInclude Include="$(MSBuildThisFileDirectory)Event.h" />
    <ClInclude Include="$(MSBuildThisFileDirectory)EventHandler.h" />
    <ClInclude Include="$(MSBuildThisFileDirectory)Handle.h" />
    <ClInclude Include="$(MSBuildThisFileDirectory)Object.h" />
    <ClInclude Include="$(MSBuildThisFileDirectory)StringClass.h" />
    <ClInclude Include="$(MSBuildThisFileDirectory)Storage\Streams\InputStream.h">
      <Filter>Storage\Streams</Filter>
    </ClInclude>
    <ClInclude Include="$(MSBuildThisFileDirectory)Storage\Streams\OutputStream.h">
      <Filter>Storage\Streams</Filter>
    </ClInclude>
    <ClInclude Include="$(MSBuildThisFileDirectory)Storage\Streams\RandomAccessStream.h">
      <Filter>Storage\Streams</Filter>
    </ClInclude>
    <ClInclude Include="$(MSBuildThisFileDirectory)Storage\Seekable.h">
      <Filter>Storage</Filter>
    </ClInclude>
    <ClInclude Include="$(MSBuildThisFileDirectory)Storage\Buffer.h">
      <Filter>Storage</Filter>
    </ClInclude>
    <ClInclude Include="$(MSBuildThisFileDirectory)Property.h" />
    <ClInclude Include="$(MSBuildThisFileDirectory)DynamicHandle.h" />
    <ClInclude Include="$(MSBuildThisFileDirectory)Storage\Directory.h">
      <Filter>Storage</Filter>
    </ClInclude>
    <ClInclude Include="$(MSBuildThisFileDirectory)Storage\File.h">
      <Filter>Storage</Filter>
    </ClInclude>
    <ClInclude Include="$(MSBuildThisFileDirectory)Storage\StaticBuffer.h">
      <Filter>Storage</Filter>
    </ClInclude>
    <ClInclude Include="$(MSBuildThisFileDirectory)Collections\Vector.h">
      <Filter>Collections</Filter>
    </ClInclude>
    <ClInclude Include="$(MSBuildThisFileDirectory)Status.h" />
    <ClInclude Include="$(MSBuildThisFileDirectory)Storage\Volume.h">
      <Filter>Storage</Filter>
    </ClInclude>
    <ClInclude Include="$(MSBuildThisFileDirectory)Storage\Streams\Stream.h">
      <Filter>Storage\Streams</Filter>
    </ClInclude>
    <ClInclude Include="$(MSBuildThisFileDirectory)DynamicPointer.h" />
    <ClInclude Include="$(MSBuildThisFileDirectory)Storage\Intermediate.h">
      <Filter>Storage</Filter>
    </ClInclude>
    <ClInclude Include="$(MSBuildThisFileDirectory)Collections\Index.h">
      <Filter>Collections</Filter>
    </ClInclude>
    <ClInclude Include="$(MSBuildThisFileDirectory)Collections\List.h">
      <Filter>Collections</Filter>
    </ClInclude>
    <ClInclude Include="$(MSBuildThisFileDirectory)Collections\Map.h">
      <Filter>Collections</Filter>
    </ClInclude>
    <ClInclude Include="$(MSBuildThisFileDirectory)Collections\StringList.h">
      <Filter>Collections</Filter>
    </ClInclude>
    <ClInclude Include="$(MSBuildThisFileDirectory)Core\Application.h">
      <Filter>Core</Filter>
    </ClInclude>
    <ClInclude Include="$(MSBuildThisFileDirectory)Storage\Streams\CharHelper.h">
      <Filter>Storage\Streams</Filter>
    </ClInclude>
    <ClInclude Include="$(MSBuildThisFileDirectory)Storage\Streams\StreamHelper.h">
      <Filter>Storage\Streams</Filter>
    </ClInclude>
    <ClInclude Include="$(MSBuildThisFileDirectory)Storage\Streams\StreamReader.h">
      <Filter>Storage\Streams</Filter>
    </ClInclude>
    <ClInclude Include="$(MSBuildThisFileDirectory)Storage\Streams\StreamWriter.h">
      <Filter>Storage\Streams</Filter>
    </ClInclude>
    <ClInclude Include="$(MSBuildThisFileDirectory)TypeHelper.h" />
    <ClInclude Include="$(MSBuildThisFileDirectory)Function.h" />
    <ClInclude Include="$(MSBuildThisFileDirectory)Collections\Node.h">
      <Filter>Collections</Filter>
    </ClInclude>
    <ClInclude Include="$(MSBuildThisFileDirectory)Exception.h" />
    <ClInclude Include="$(MSBuildThisFileDirectory)Storage\Encoding\Dwarf\Dwarf.h">
      <Filter>Storage\Encoding\Dwarf</Filter>
    </ClInclude>
    <ClInclude Include="$(MSBuildThisFileDirectory)Collections\cluster.hpp">
      <Filter>Collections</Filter>
    </ClInclude>
    <ClInclude Include="$(MSBuildThisFileDirectory)Collections\index.hpp">
      <Filter>Collections</Filter>
    </ClInclude>
    <ClInclude Include="$(MSBuildThisFileDirectory)Collections\list.hpp">
      <Filter>Collections</Filter>
    </ClInclude>
    <ClInclude Include="$(MSBuildThisFileDirectory)Collections\map.hpp">
      <Filter>Collections</Filter>
    </ClInclude>
    <ClInclude Include="$(MSBuildThisFileDirectory)Collections\shared_cluster.hpp">
      <Filter>Collections</Filter>
    </ClInclude>
    <ClInclude Include="$(MSBuildThisFileDirectory)Collections\shared_index.hpp">
      <Filter>Collections</Filter>
    </ClInclude>
    <ClInclude Include="$(MSBuildThisFileDirectory)Collections\shared_list.hpp">
      <Filter>Collections</Filter>
    </ClInclude>
    <ClInclude Include="$(MSBuildThisFileDirectory)Collections\shared_map.hpp">
      <Filter>Collections</Filter>
    </ClInclude>
    <ClInclude Include="$(MSBuildThisFileDirectory)Concurrency\DispatchedHandler.h">
      <Filter>Concurrency</Filter>
    </ClInclude>
    <ClInclude Include="$(MSBuildThisFileDirectory)Concurrency\DispatchedQueue.h">
      <Filter>Concurrency</Filter>
    </ClInclude>
  </ItemGroup>
  <ItemGroup>
    <ClCompile Include="$(MSBuildThisFileDirectory)StringHelper.cpp" />
    <ClCompile Include="$(MSBuildThisFileDirectory)CharHelper.cpp" />
    <ClCompile Include="$(MSBuildThisFileDirectory)PathHelper.cpp" />
    <ClCompile Include="$(MSBuildThisFileDirectory)UnknownClass.cpp" />
    <ClCompile Include="$(MSBuildThisFileDirectory)Object.cpp" />
    <ClCompile Include="$(MSBuildThisFileDirectory)StringClass.cpp" />
    <ClCompile Include="$(MSBuildThisFileDirectory)Storage\Buffer.cpp">
      <Filter>Storage</Filter>
    </ClCompile>
    <ClCompile Include="$(MSBuildThisFileDirectory)Storage\Directory.cpp">
      <Filter>Storage</Filter>
    </ClCompile>
    <ClCompile Include="$(MSBuildThisFileDirectory)Storage\File.cpp">
      <Filter>Storage</Filter>
    </ClCompile>
    <ClCompile Include="$(MSBuildThisFileDirectory)Storage\StaticBuffer.cpp">
      <Filter>Storage</Filter>
    </ClCompile>
    <ClCompile Include="$(MSBuildThisFileDirectory)Storage\Intermediate.cpp">
      <Filter>Storage</Filter>
    </ClCompile>
    <ClCompile Include="$(MSBuildThisFileDirectory)Collections\StringList.cpp">
      <Filter>Collections</Filter>
    </ClCompile>
    <ClCompile Include="$(MSBuildThisFileDirectory)Core\Application.cpp">
      <Filter>Core</Filter>
    </ClCompile>
    <ClCompile Include="$(MSBuildThisFileDirectory)Storage\Streams\StreamHelper.cpp">
      <Filter>Storage\Streams</Filter>
    </ClCompile>
    <ClCompile Include="$(MSBuildThisFileDirectory)Storage\Streams\StreamWriter.cpp">
      <Filter>Storage\Streams</Filter>
    </ClCompile>
    <ClCompile Include="$(MSBuildThisFileDirectory)Storage\Streams\StreamReader.cpp">
      <Filter>Storage\Streams</Filter>
    </ClCompile>
    <ClCompile Include="$(MSBuildThisFileDirectory)Collections\Node.cpp">
      <Filter>Collections</Filter>
    </ClCompile>
    <ClCompile Include="$(MSBuildThisFileDirectory)Storage\Encoding\Dwarf\Dwarf.cpp">
      <Filter>Storage\Encoding\Dwarf</Filter>
    </ClCompile>
    <ClCompile Include="$(MSBuildThisFileDirectory)Concurrency\DispatchedQueue.cpp">
      <Filter>Concurrency</Filter>
    </ClCompile>
  </ItemGroup>
  <ItemGroup>
    <Filter Include="Storage">
      <UniqueIdentifier>{ff27096c-f411-4f04-b746-66219e747574}</UniqueIdentifier>
    </Filter>
    <Filter Include="Storage\Streams">
      <UniqueIdentifier>{17a769fa-1729-4655-86ac-efd3ac6ea50d}</UniqueIdentifier>
    </Filter>
    <Filter Include="Collections">
      <UniqueIdentifier>{dbd5d5fd-db4e-40f0-9b20-2e4bff03e78e}</UniqueIdentifier>
    </Filter>
    <Filter Include="Core">
      <UniqueIdentifier>{bff08e3e-51aa-4b21-9a7a-07516a794c62}</UniqueIdentifier>
    </Filter>
    <Filter Include="Storage\Encoding">
      <UniqueIdentifier>{0839ad31-9b52-4a75-ae7b-3f6be2828f3c}</UniqueIdentifier>
    </Filter>
    <Filter Include="Storage\Encoding\Dwarf">
      <UniqueIdentifier>{42658492-a0f4-43dd-8d2b-b1ba1a167023}</UniqueIdentifier>
    </Filter>
    <Filter Include="Concurrency">
      <UniqueIdentifier>{a599b9e5-8824-40a8-837d-5b692a5ca505}</UniqueIdentifier>
    </Filter>
  </ItemGroup>
</Project>